
Microsoft Visual Studio Solution File, Format Version 12.00
# Visual Studio 15
VisualStudioVersion = 15.0.28307.271
MinimumVisualStudioVersion = 10.0.40219.1
Project("{8BC9CEB8-8B4A-11D0-8D11-00A0C91BC942}") = "SFML_EMPTY", "SFML_EMPTY\SFML_EMPTY.vcxproj", "{BD4B6EED-09C5-4639-8161-F3475549723E}"
EndProject
Global
	GlobalSection(SolutionConfigurationPlatforms) = preSolution
		Debug|x64 = Debug|x64
		Debug|x86 = Debug|x86
		Release|x64 = Release|x64
		Release|x86 = Release|x86
	EndGlobalSection
	GlobalSection(ProjectConfigurationPlatforms) = postSolution
		{BD4B6EED-09C5-4639-8161-F3475549723E}.Debug|x64.ActiveCfg = Debug|x64
		{BD4B6EED-09C5-4639-8161-F3475549723E}.Debug|x64.Build.0 = Debug|x64
		{BD4B6EED-09C5-4639-8161-F3475549723E}.Debug|x86.ActiveCfg = Debug|Win32
		{BD4B6EED-09C5-4639-8161-F3475549723E}.Debug|x86.Build.0 = Debug|Win32
		{BD4B6EED-09C5-4639-8161-F3475549723E}.Release|x64.ActiveCfg = Release|x64
		{BD4B6EED-09C5-4639-8161-F3475549723E}.Release|x64.Build.0 = Release|x64
		{BD4B6EED-09C5-4639-8161-F3475549723E}.Release|x86.ActiveCfg = Release|Win32
		{BD4B6EED-09C5-4639-8161-F3475549723E}.Release|x86.Build.0 = Release|Win32
	EndGlobalSection
	GlobalSection(SolutionProperties) = preSolution
		HideSolutionNode = FALSE
	EndGlobalSection
	GlobalSection(ExtensibilityGlobals) = postSolution
		SolutionGuid = {162D4D30-2681-4E1B-B9FC-140AE864F972}
	EndGlobalSection
EndGlobal
